
Microsoft Visual Studio Solution File, Format Version 12.00
# Visual Studio 14
VisualStudioVersion = 14.0.25420.1
MinimumVisualStudioVersion = 10.0.40219.1
Project("{FAE04EC0-301F-11D3-BF4B-00C04F79EFBC}") = "GymPortal.Data", "GymPortal.Data\GymPortal.Data.csproj", "{4430F325-4E2D-40CE-8638-23354D10E09F}"
EndProject
Project("{FAE04EC0-301F-11D3-BF4B-00C04F79EFBC}") = "GymPortal", "GymPortal\GymPortal.csproj", "{23C4D059-8500-4084-8AB9-601DE269AEA1}"
EndProject
Project("{FAE04EC0-301F-11D3-BF4B-00C04F79EFBC}") = "GymPortal.Services", "GymPortal.Services\GymPortal.Services.csproj", "{B709EF43-EDA9-4710-A71F-64BB09BC7608}"
EndProject
Project("{FAE04EC0-301F-11D3-BF4B-00C04F79EFBC}") = "GymPortal.IOC", "GymPortal.IOC\GymPortal.IOC.csproj", "{913D89BD-8DCF-4117-B026-BB63B7F8F3AA}"
EndProject
Global
	GlobalSection(SolutionConfigurationPlatforms) = preSolution
		Debug|Any CPU = Debug|Any CPU
		Release|Any CPU = Release|Any CPU
	EndGlobalSection
	GlobalSection(ProjectConfigurationPlatforms) = postSolution
		{4430F325-4E2D-40CE-8638-23354D10E09F}.Debug|Any CPU.ActiveCfg = Debug|Any CPU
		{4430F325-4E2D-40CE-8638-23354D10E09F}.Debug|Any CPU.Build.0 = Debug|Any CPU
		{4430F325-4E2D-40CE-8638-23354D10E09F}.Release|Any CPU.ActiveCfg = Release|Any CPU
		{4430F325-4E2D-40CE-8638-23354D10E09F}.Release|Any CPU.Build.0 = Release|Any CPU
		{23C4D059-8500-4084-8AB9-601DE269AEA1}.Debug|Any CPU.ActiveCfg = Debug|Any CPU
		{23C4D059-8500-4084-8AB9-601DE269AEA1}.Debug|Any CPU.Build.0 = Debug|Any CPU
		{23C4D059-8500-4084-8AB9-601DE269AEA1}.Release|Any CPU.ActiveCfg = Release|Any CPU
		{23C4D059-8500-4084-8AB9-601DE269AEA1}.Release|Any CPU.Build.0 = Release|Any CPU
		{B709EF43-EDA9-4710-A71F-64BB09BC7608}.Debug|Any CPU.ActiveCfg = Debug|Any CPU
		{B709EF43-EDA9-4710-A71F-64BB09BC7608}.Debug|Any CPU.Build.0 = Debug|Any CPU
		{B709EF43-EDA9-4710-A71F-64BB09BC7608}.Release|Any CPU.ActiveCfg = Release|Any CPU
		{B709EF43-EDA9-4710-A71F-64BB09BC7608}.Release|Any CPU.Build.0 = Release|Any CPU
		{913D89BD-8DCF-4117-B026-BB63B7F8F3AA}.Debug|Any CPU.ActiveCfg = Debug|Any CPU
		{913D89BD-8DCF-4117-B026-BB63B7F8F3AA}.Debug|Any CPU.Build.0 = Debug|Any CPU
		{913D89BD-8DCF-4117-B026-BB63B7F8F3AA}.Release|Any CPU.ActiveCfg = Release|Any CPU
		{913D89BD-8DCF-4117-B026-BB63B7F8F3AA}.Release|Any CPU.Build.0 = Release|Any CPU
	EndGlobalSection
	GlobalSection(SolutionProperties) = preSolution
		HideSolutionNode = FALSE
	EndGlobalSection
EndGlobal
