
Microsoft Visual Studio Solution File, Format Version 12.00
# Visual Studio 14
VisualStudioVersion = 14.0.25420.1
MinimumVisualStudioVersion = 10.0.40219.1
Project("{FAE04EC0-301F-11D3-BF4B-00C04F79EFBC}") = "GymPortal.Data", "GymPortal.Data\GymPortal.Data.csproj", "{4430F325-4E2D-40CE-8638-23354D10E09F}"
EndProject
Project("{FAE04EC0-301F-11D3-BF4B-00C04F79EFBC}") = "GymPortal.Console.Test", "GymPortal.Console.Test\GymPortal.Console.Test.csproj", "{99317BFC-4ED8-4BE0-83E8-587FB8E2F799}"
	ProjectSection(ProjectDependencies) = postProject
		{4430F325-4E2D-40CE-8638-23354D10E09F} = {4430F325-4E2D-40CE-8638-23354D10E09F}
	EndProjectSection
EndProject
Global
	GlobalSection(SolutionConfigurationPlatforms) = preSolution
		Debug|Any CPU = Debug|Any CPU
		Release|Any CPU = Release|Any CPU
	EndGlobalSection
	GlobalSection(ProjectConfigurationPlatforms) = postSolution
		{4430F325-4E2D-40CE-8638-23354D10E09F}.Debug|Any CPU.ActiveCfg = Debug|Any CPU
		{4430F325-4E2D-40CE-8638-23354D10E09F}.Debug|Any CPU.Build.0 = Debug|Any CPU
		{4430F325-4E2D-40CE-8638-23354D10E09F}.Release|Any CPU.ActiveCfg = Release|Any CPU
		{4430F325-4E2D-40CE-8638-23354D10E09F}.Release|Any CPU.Build.0 = Release|Any CPU
		{99317BFC-4ED8-4BE0-83E8-587FB8E2F799}.Debug|Any CPU.ActiveCfg = Debug|Any CPU
		{99317BFC-4ED8-4BE0-83E8-587FB8E2F799}.Debug|Any CPU.Build.0 = Debug|Any CPU
		{99317BFC-4ED8-4BE0-83E8-587FB8E2F799}.Release|Any CPU.ActiveCfg = Release|Any CPU
		{99317BFC-4ED8-4BE0-83E8-587FB8E2F799}.Release|Any CPU.Build.0 = Release|Any CPU
	EndGlobalSection
	GlobalSection(SolutionProperties) = preSolution
		HideSolutionNode = FALSE
	EndGlobalSection
EndGlobal
